
Microsoft Visual Studio Solution File, Format Version 12.00
# Visual Studio 15
VisualStudioVersion = 15.0.27428.2015
MinimumVisualStudioVersion = 10.0.40219.1
Project("{8BC9CEB8-8B4A-11D0-8D11-00A0C91BC942}") = "LevenDb", "LevenDb\LevenDb.vcxproj", "{4BBF6CAB-D4FE-464B-AE60-5CF226811A13}"
EndProject
Project("{8BC9CEB8-8B4A-11D0-8D11-00A0C91BC942}") = "LevenDBTest", "LevenDBTest\LevenDBTest.vcxproj", "{A4861BB5-A45E-48B5-BF6E-C8925CE70C0E}"
EndProject
Global
	GlobalSection(SolutionConfigurationPlatforms) = preSolution
		Debug|x64 = Debug|x64
		Debug|x86 = Debug|x86
		Release|x64 = Release|x64
		Release|x86 = Release|x86
	EndGlobalSection
	GlobalSection(ProjectConfigurationPlatforms) = postSolution
		{4BBF6CAB-D4FE-464B-AE60-5CF226811A13}.Debug|x64.ActiveCfg = Debug|x64
		{4BBF6CAB-D4FE-464B-AE60-5CF226811A13}.Debug|x64.Build.0 = Debug|x64
		{4BBF6CAB-D4FE-464B-AE60-5CF226811A13}.Debug|x86.ActiveCfg = Debug|Win32
		{4BBF6CAB-D4FE-464B-AE60-5CF226811A13}.Debug|x86.Build.0 = Debug|Win32
		{4BBF6CAB-D4FE-464B-AE60-5CF226811A13}.Release|x64.ActiveCfg = Release|x64
		{4BBF6CAB-D4FE-464B-AE60-5CF226811A13}.Release|x64.Build.0 = Release|x64
		{4BBF6CAB-D4FE-464B-AE60-5CF226811A13}.Release|x86.ActiveCfg = Release|Win32
		{4BBF6CAB-D4FE-464B-AE60-5CF226811A13}.Release|x86.Build.0 = Release|Win32
		{A4861BB5-A45E-48B5-BF6E-C8925CE70C0E}.Debug|x64.ActiveCfg = Debug|x64
		{A4861BB5-A45E-48B5-BF6E-C8925CE70C0E}.Debug|x64.Build.0 = Debug|x64
		{A4861BB5-A45E-48B5-BF6E-C8925CE70C0E}.Debug|x86.ActiveCfg = Debug|Win32
		{A4861BB5-A45E-48B5-BF6E-C8925CE70C0E}.Debug|x86.Build.0 = Debug|Win32
		{A4861BB5-A45E-48B5-BF6E-C8925CE70C0E}.Release|x64.ActiveCfg = Release|x64
		{A4861BB5-A45E-48B5-BF6E-C8925CE70C0E}.Release|x64.Build.0 = Release|x64
		{A4861BB5-A45E-48B5-BF6E-C8925CE70C0E}.Release|x86.ActiveCfg = Release|Win32
		{A4861BB5-A45E-48B5-BF6E-C8925CE70C0E}.Release|x86.Build.0 = Release|Win32
	EndGlobalSection
	GlobalSection(SolutionProperties) = preSolution
		HideSolutionNode = FALSE
	EndGlobalSection
	GlobalSection(ExtensibilityGlobals) = postSolution
		SolutionGuid = {58BF0D11-462E-44F8-BAFD-A695F87B16FA}
	EndGlobalSection
EndGlobal
